
Microsoft Visual Studio Solution File, Format Version 12.00
# Visual Studio Version 17
VisualStudioVersion = 17.11.35312.102
MinimumVisualStudioVersion = 10.0.40219.1
Project("{FAE04EC0-301F-11D3-BF4B-00C04F79EFBC}") = "fpt", "fpt\fpt.csproj", "{4E205F0F-2C0A-4A86-BA27-3432B0D39AAC}"
EndProject
Global
	GlobalSection(SolutionConfigurationPlatforms) = preSolution
		Debug|Any CPU = Debug|Any CPU
		Release|Any CPU = Release|Any CPU
	EndGlobalSection
	GlobalSection(ProjectConfigurationPlatforms) = postSolution
		{4E205F0F-2C0A-4A86-BA27-3432B0D39AAC}.Debug|Any CPU.ActiveCfg = Debug|Any CPU
		{4E205F0F-2C0A-4A86-BA27-3432B0D39AAC}.Debug|Any CPU.Build.0 = Debug|Any CPU
		{4E205F0F-2C0A-4A86-BA27-3432B0D39AAC}.Release|Any CPU.ActiveCfg = Release|Any CPU
		{4E205F0F-2C0A-4A86-BA27-3432B0D39AAC}.Release|Any CPU.Build.0 = Release|Any CPU
	EndGlobalSection
	GlobalSection(SolutionProperties) = preSolution
		HideSolutionNode = FALSE
	EndGlobalSection
	GlobalSection(ExtensibilityGlobals) = postSolution
		SolutionGuid = {9AD3F71E-D4A1-4351-9816-BF17BE2ED724}
	EndGlobalSection
EndGlobal
