
Microsoft Visual Studio Solution File, Format Version 12.00
# Visual Studio Version 17
VisualStudioVersion = 17.11.35312.102
MinimumVisualStudioVersion = 10.0.40219.1
Project("{FAE04EC0-301F-11D3-BF4B-00C04F79EFBC}") = "Final", "Final\Final.csproj", "{DA982946-CBF9-45A6-9F9C-E24272EC5AE6}"
EndProject
Global
	GlobalSection(SolutionConfigurationPlatforms) = preSolution
		Debug|Any CPU = Debug|Any CPU
		Release|Any CPU = Release|Any CPU
	EndGlobalSection
	GlobalSection(ProjectConfigurationPlatforms) = postSolution
		{DA982946-CBF9-45A6-9F9C-E24272EC5AE6}.Debug|Any CPU.ActiveCfg = Debug|Any CPU
		{DA982946-CBF9-45A6-9F9C-E24272EC5AE6}.Debug|Any CPU.Build.0 = Debug|Any CPU
		{DA982946-CBF9-45A6-9F9C-E24272EC5AE6}.Release|Any CPU.ActiveCfg = Release|Any CPU
		{DA982946-CBF9-45A6-9F9C-E24272EC5AE6}.Release|Any CPU.Build.0 = Release|Any CPU
	EndGlobalSection
	GlobalSection(SolutionProperties) = preSolution
		HideSolutionNode = FALSE
	EndGlobalSection
	GlobalSection(ExtensibilityGlobals) = postSolution
		SolutionGuid = {0997F7D3-426A-4D5F-A83C-B8C55A0912B8}
	EndGlobalSection
EndGlobal
