
Microsoft Visual Studio Solution File, Format Version 12.00
# Visual Studio Version 17
VisualStudioVersion = 17.11.35312.102
MinimumVisualStudioVersion = 10.0.40219.1
Project("{9A19103F-16F7-4668-BE54-9A1E7A4F7556}") = "onion", "onion\onion.csproj", "{75F83805-3888-4889-BFF4-760C37A5023D}"
EndProject
Project("{FAE04EC0-301F-11D3-BF4B-00C04F79EFBC}") = "DomainLayer", "DomainLayer\DomainLayer.csproj", "{890CEDCA-F698-4800-B71E-7BD109FB1443}"
EndProject
Project("{FAE04EC0-301F-11D3-BF4B-00C04F79EFBC}") = "RepositoryLayer", "RepositoryLayer\RepositoryLayer.csproj", "{FFF040E4-F6F1-4C56-8CFA-2DF259B6C1AF}"
EndProject
Project("{FAE04EC0-301F-11D3-BF4B-00C04F79EFBC}") = "ServiceLayer", "ServiceLayer\ServiceLayer.csproj", "{A482E27B-B898-485C-9EBD-E00DD0A5041B}"
EndProject
Global
	GlobalSection(SolutionConfigurationPlatforms) = preSolution
		Debug|Any CPU = Debug|Any CPU
		Release|Any CPU = Release|Any CPU
	EndGlobalSection
	GlobalSection(ProjectConfigurationPlatforms) = postSolution
		{75F83805-3888-4889-BFF4-760C37A5023D}.Debug|Any CPU.ActiveCfg = Debug|Any CPU
		{75F83805-3888-4889-BFF4-760C37A5023D}.Debug|Any CPU.Build.0 = Debug|Any CPU
		{75F83805-3888-4889-BFF4-760C37A5023D}.Release|Any CPU.ActiveCfg = Release|Any CPU
		{75F83805-3888-4889-BFF4-760C37A5023D}.Release|Any CPU.Build.0 = Release|Any CPU
		{890CEDCA-F698-4800-B71E-7BD109FB1443}.Debug|Any CPU.ActiveCfg = Debug|Any CPU
		{890CEDCA-F698-4800-B71E-7BD109FB1443}.Debug|Any CPU.Build.0 = Debug|Any CPU
		{890CEDCA-F698-4800-B71E-7BD109FB1443}.Release|Any CPU.ActiveCfg = Release|Any CPU
		{890CEDCA-F698-4800-B71E-7BD109FB1443}.Release|Any CPU.Build.0 = Release|Any CPU
		{FFF040E4-F6F1-4C56-8CFA-2DF259B6C1AF}.Debug|Any CPU.ActiveCfg = Debug|Any CPU
		{FFF040E4-F6F1-4C56-8CFA-2DF259B6C1AF}.Debug|Any CPU.Build.0 = Debug|Any CPU
		{FFF040E4-F6F1-4C56-8CFA-2DF259B6C1AF}.Release|Any CPU.ActiveCfg = Release|Any CPU
		{FFF040E4-F6F1-4C56-8CFA-2DF259B6C1AF}.Release|Any CPU.Build.0 = Release|Any CPU
		{A482E27B-B898-485C-9EBD-E00DD0A5041B}.Debug|Any CPU.ActiveCfg = Debug|Any CPU
		{A482E27B-B898-485C-9EBD-E00DD0A5041B}.Debug|Any CPU.Build.0 = Debug|Any CPU
		{A482E27B-B898-485C-9EBD-E00DD0A5041B}.Release|Any CPU.ActiveCfg = Release|Any CPU
		{A482E27B-B898-485C-9EBD-E00DD0A5041B}.Release|Any CPU.Build.0 = Release|Any CPU
	EndGlobalSection
	GlobalSection(SolutionProperties) = preSolution
		HideSolutionNode = FALSE
	EndGlobalSection
	GlobalSection(ExtensibilityGlobals) = postSolution
		SolutionGuid = {3F930F79-3157-41E1-95C3-373452C8F403}
	EndGlobalSection
EndGlobal
